
Microsoft Visual Studio Solution File, Format Version 12.00
# Visual Studio Version 16
VisualStudioVersion = 16.0.32106.194
MinimumVisualStudioVersion = 10.0.40219.1
Project("{FAE04EC0-301F-11D3-BF4B-00C04F79EFBC}") = "A2_CompProbSolving_BSP", "A2_CompProbSolving_BSP.csproj", "{9350D75F-4FBA-4FCD-8028-8100752D7D4B}"
EndProject
Global
	GlobalSection(SolutionConfigurationPlatforms) = preSolution
		Debug|Any CPU = Debug|Any CPU
		Release|Any CPU = Release|Any CPU
	EndGlobalSection
	GlobalSection(ProjectConfigurationPlatforms) = postSolution
		{9350D75F-4FBA-4FCD-8028-8100752D7D4B}.Debug|Any CPU.ActiveCfg = Debug|Any CPU
		{9350D75F-4FBA-4FCD-8028-8100752D7D4B}.Debug|Any CPU.Build.0 = Debug|Any CPU
		{9350D75F-4FBA-4FCD-8028-8100752D7D4B}.Release|Any CPU.ActiveCfg = Release|Any CPU
		{9350D75F-4FBA-4FCD-8028-8100752D7D4B}.Release|Any CPU.Build.0 = Release|Any CPU
	EndGlobalSection
	GlobalSection(SolutionProperties) = preSolution
		HideSolutionNode = FALSE
	EndGlobalSection
	GlobalSection(ExtensibilityGlobals) = postSolution
		SolutionGuid = {EFE50129-26D3-4694-8109-7B5A14CEC307}
	EndGlobalSection
EndGlobal
